#MicroXplorer Configuration settings - do not modify
PF7.GPIOParameters=GPIO_PuPd
SH.FSMC_D1_DA1.1=FSMC_D1,16b-d3
PD7.Mode=NorPsramChipSelect1_1
FSMC.ExtendedAccessMode1=FSMC_ACCESS_MODE_A
PH0-OSC_IN.Signal=RCC_OSC_IN
SH.FSMC_D1_DA1.0=FSMC_D1,16b-d1
SPI2.VirtualType=VM_MASTER
PB10.Mode=Asynchronous
PG4.Signal=FSMC_A14
PG8.Signal=GPIO_Input
PG8.Locked=true
RCC.PLLCLKFreq_Value=168000000
PC12.Signal=SDIO_CK
FSMC.ExtendedBusTurnAroundDuration3=1
SH.FSMC_NWE.0=FSMC_NWE,Sram1
RCC.PLLQCLKFreq_Value=48000000
PG0.Signal=FSMC_A10
PA3.GPIO_PuPd=GPIO_PULLUP
I2S3.IPParameters=Instance,VirtualMode,FullDuplexMode,RealAudioFreq,ErrorAudioFreq,AudioFreq
SH.FSMC_NWE.1=FSMC_NWE,Lcd3
VP_RTC_VS_RTC_Activate.Mode=RTC_Enabled
RCC.RTCFreq_Value=32768
PA3.GPIOParameters=GPIO_PuPd
FSMC.ExtendedBusTurnAroundDuration1=1
PC5.Mode=RMII
PF10.GPIO_PuPd=GPIO_PULLDOWN
PB13.Signal=SPI2_SCK
PG13.Signal=ETH_TXD0
PinOutPanel.RotationAngle=0
RCC.MCO1PinFreq_Value=25000000
RCC.SYSCLKSource=RCC_SYSCLKSOURCE_PLLCLK
NVIC.SVCall_IRQn=true\:0\:0\:false\:false\:true\:false\:false
SH.FSMC_A15.ConfNb=1
PF7.Signal=GPIO_Input
SH.FSMC_A11.ConfNb=1
SH.FSMC_A19.ConfNb=1
SH.FSMC_A19.0=FSMC_A19,A19_3
PD4.Signal=FSMC_NOE
RCC.APB2TimFreq_Value=168000000
PB6.Signal=I2C1_SCL
PB6.Mode=I2C
PD0.Signal=FSMC_D2_DA2
PD8.Signal=FSMC_D13_DA13
PE5.Signal=GPIO_Input
PE1.Signal=FSMC_NBL1
SH.FSMC_D4_DA4.ConfNb=2
ProjectManager.ProjectBuild=false
PG13.Locked=true
NVIC.UsageFault_IRQn=true\:0\:0\:false\:false\:true\:false\:false
PB2.Signal=GPIO_Input
PB3.Mode=Full_Duplex_Master
PA8.Locked=true
PG14.Mode=RMII
ProjectManager.FirmwarePackage=STM32Cube FW_F4 V1.25.0
MxDb.Version=DB.5.0.60
I2S3.ErrorAudioFreq=0.8 %
SH.FSMC_NOE.ConfNb=2
ProjectManager.BackupPrevious=false
SH.FSMC_D10_DA10.0=FSMC_D10,16b-d1
PE9.Signal=FSMC_D6_DA6
SH.FSMC_D10_DA10.1=FSMC_D10,16b-d3
SH.FSMC_A0.0=FSMC_A0,19b-a1
PB14.Mode=Full_Duplex_Master
PF10.Locked=true
PC9.Mode=SD_4_bits_Wide_bus
SPI2.CalculateBaudRate=21.0 MBits/s
PE2.Signal=GPIO_Input
PA8.Signal=RCC_MCO_1
FSMC.BusTurnAroundDuration1=1
NVIC.PendSV_IRQn=true\:0\:0\:false\:false\:true\:false\:false
PF3.Signal=FSMC_A3
PE10.Signal=FSMC_D7_DA7
SH.FSMC_D5_DA5.0=FSMC_D5,16b-d1
ProjectManager.HalAssertFull=false
SH.FSMC_D5_DA5.1=FSMC_D5,16b-d3
SH.FSMC_A0.ConfNb=1
RCC.MCO2PinFreq_Value=168000000
SH.FSMC_A8.ConfNb=1
Mcu.Package=LQFP144
PF8.GPIOParameters=GPIO_PuPd
PB1.Signal=GPIO_Input
SPI2.Mode=SPI_MODE_MASTER
SH.FSMC_D15_DA15.ConfNb=2
FSMC.IPParameters=WriteOperation1,ExtendedMode1,AddressSetupTime1,ExtendedAccessMode1,AccessMode1,ExtendedAddressSetupTime1,BusTurnAroundDuration1,ExtendedBusTurnAroundDuration1,ExtendedDataSetupTime1,DataSetupTime1,ExtendedMode3,BusTurnAroundDuration3,AddressSetupTime3,DataSetupTime3,ExtendedAddressSetupTime3,ExtendedDataSetupTime3,ExtendedBusTurnAroundDuration3
PD12.Signal=FSMC_A17_ALE
SH.FSMC_D14_DA14.ConfNb=2
VP_SYS_VS_Systick.Signal=SYS_VS_Systick
USART3.IPParameters=VirtualMode
PA10.Signal=USB_OTG_FS_ID
PC6.GPIO_PuPd=GPIO_PULLUP
PF7.Locked=true
PC11.Mode=SD_4_bits_Wide_bus
SH.FSMC_A1.0=FSMC_A1,19b-a1
SH.FSMC_D3_DA3.1=FSMC_D3,16b-d3
RCC.APB2CLKDivider=RCC_HCLK_DIV2
FSMC.BusTurnAroundDuration3=1
SH.FSMC_D3_DA3.0=FSMC_D3,16b-d1
PF14.Signal=FSMC_A8
RCC.APB1TimFreq_Value=84000000
NVIC.BusFault_IRQn=true\:0\:0\:false\:false\:true\:false\:false
USB_OTG_FS.IPParameters=VirtualMode,lpm_enable,low_power_enable,Sof_enable
PB13.Mode=Full_Duplex_Master
PF9.GPIO_PuPd=GPIO_PULLDOWN
SH.FSMC_D7_DA7.ConfNb=2
PD15.Signal=FSMC_D1_DA1
ProjectManager.CustomerFirmwarePackage=
PC4.Mode=RMII
PG12.Signal=FSMC_NE4
SH.FSMC_A5.ConfNb=1
FSMC.ExtendedAddressSetupTime1=10
Mcu.Pin80=PD1
Mcu.Pin81=PD2
I2S3.FullDuplexMode=I2S_FULLDUPLEXMODE_ENABLE
ProjectManager.ProjectFileName=CubeMX_Config.ioc
FSMC.ExtendedAddressSetupTime3=2
Mcu.Pin79=PD0
SH.FSMC_A2.0=FSMC_A2,19b-a1
PA15.GPIOParameters=GPIO_PuPd
Mcu.PinsNb=100
Mcu.Pin73=PA13
Mcu.Pin74=PA14
Mcu.Pin71=PA11
Mcu.Pin72=PA12
Mcu.Pin77=PC11
PG5.Signal=FSMC_A15
Mcu.Pin78=PC12
Mcu.Pin75=PA15
Mcu.Pin76=PC10
SH.FSMC_D9_DA9.1=FSMC_D9,16b-d3
SH.FSMC_NBL1.ConfNb=1
Mcu.Pin70=PA10
PC6.Signal=GPIO_Output
SH.FSMC_A16_CLE.0=FSMC_A16,19b-a1
PD7.Signal=FSMC_NE1
SH.FSMC_D8_DA8.ConfNb=2
PD1.Signal=FSMC_D3_DA3
SH.FSMC_D9_DA9.0=FSMC_D9,16b-d1
Mcu.Pin68=PA8
Mcu.Pin69=PA9
PC0.Signal=GPIO_Output
PB14.Locked=true
RCC.APB1CLKDivider=RCC_HCLK_DIV4
PC14-OSC32_IN.Signal=RCC_OSC32_IN
Mcu.Pin62=PG4
PG14.Locked=true
Mcu.Pin63=PG5
Mcu.Pin60=PG2
Mcu.Pin61=PG3
Mcu.Pin66=PC8
Mcu.Pin67=PC9
Mcu.Pin64=PG8
Mcu.Pin65=PC6
PA0-WKUP.Signal=GPIO_Input
SH.FSMC_D8_DA8.0=FSMC_D8,16b-d1
SH.FSMC_D8_DA8.1=FSMC_D8,16b-d3
PG8.GPIO_PuPd=GPIO_PULLUP
ETH.IPParameters=MediaInterface
PD10.Signal=FSMC_D15_DA15
PA15.Locked=true
Mcu.Pin59=PD15
SH.FSMC_A14.ConfNb=1
Mcu.Pin57=PD13
Mcu.Pin58=PD14
PB11.Mode=Asynchronous
SH.FSMC_A3.0=FSMC_A3,19b-a1
FSMC.DataSetupTime3=4
SH.FSMC_A15.0=FSMC_A15,19b-a1
FSMC.DataSetupTime1=5
Mcu.Pin51=PB15
SH.FSMC_D5_DA5.ConfNb=2
SH.FSMC_A10.ConfNb=1
Mcu.Pin52=PD8
Mcu.Pin50=PB14
Mcu.Pin55=PD11
Mcu.Pin56=PD12
Mcu.Pin53=PD9
Mcu.Pin54=PD10
PC6.Locked=true
SH.FSMC_A3.ConfNb=1
PA9.Signal=USB_OTG_FS_VBUS
I2S3.VirtualMode=I2S_MODE_MASTER
PB4.GPIO_PuPd=GPIO_PULLUP
Mcu.Pin48=PB12
Mcu.Pin49=PB13
Mcu.Pin46=PB10
Mcu.Pin47=PB11
PB10.Signal=USART3_TX
PB14.Signal=SPI2_MISO
PE2.GPIO_PuPd=GPIO_PULLUP
Mcu.Pin40=PE10
Mcu.Pin41=PE11
SH.FSMC_D7_DA7.1=FSMC_D7,16b-d3
I2S3.AudioFreq=I2S_AUDIOFREQ_96K
Mcu.Pin44=PE14
PC12.Mode=SD_4_bits_Wide_bus
SH.FSMC_D7_DA7.0=FSMC_D7,16b-d1
Mcu.Pin45=PE15
Mcu.Pin42=PE12
Mcu.Pin43=PE13
ProjectManager.LastFirmware=true
SH.FSMC_D3_DA3.ConfNb=2
PA1.Mode=RMII
PE14.Signal=FSMC_D11_DA11
PE15.Signal=FSMC_D12_DA12
Mcu.Pin37=PE7
Mcu.Pin38=PE8
Mcu.Pin35=PG0
PE8.Signal=FSMC_D5_DA5
Mcu.Pin36=PG1
SH.FSMC_A18.0=FSMC_A18,19b-a1
Mcu.Pin39=PE9
Mcu.Pin30=PF11
SH.FSMC_A4.0=FSMC_A4,19b-a1
RCC.EthernetFreq_Value=168000000
PF11.Locked=true
Mcu.Pin33=PF14
Mcu.Pin34=PF15
Mcu.Pin31=PF12
RCC.RCC_RTC_Clock_SourceVirtual=RCC_RTCCLKSOURCE_LSE
Mcu.Pin32=PF13
SH.FSMC_A4.ConfNb=1
NVIC.NonMaskableInt_IRQn=true\:0\:0\:false\:false\:true\:false\:false
PF13.Signal=FSMC_A7
PA13.Mode=Serial_Wire
ProjectManager.FreePins=false
PF9.GPIOParameters=GPIO_PuPd
Mcu.Pin26=PC5
Mcu.Pin27=PB0
RCC.RTCHSEDivFreq_Value=12500000
Mcu.Pin24=PA7
ProjectManager.UnderRoot=false
Mcu.Pin25=PC4
SH.FSMC_A17_ALE.0=FSMC_A17,19b-a1
PF7.GPIO_PuPd=GPIO_PULLDOWN
Mcu.Pin28=PB1
Mcu.Pin29=PB2
PC8.Mode=SD_4_bits_Wide_bus
Mcu.Pin22=PA2
PB5.Signal=I2S3_SD
ETH.MediaInterface=ETH_MEDIA_INTERFACE_RMII
Mcu.Pin23=PA3
Mcu.Pin20=PA0-WKUP
Mcu.Pin21=PA1
PA3.Locked=true
PA10.Locked=true
NVIC.ForceEnableDMAVector=true
PD11.Signal=FSMC_A16_CLE
PB5.GPIO_PuPd=GPIO_PULLUP
NVIC.MemoryManagement_IRQn=true\:0\:0\:false\:false\:true\:false\:false
ProjectManager.CompilerOptimize=6
PG11.Mode=RMII
PA11.Signal=USB_OTG_FS_DM
SH.FSMC_D15_DA15.1=FSMC_D15,16b-d3
SH.FSMC_D15_DA15.0=FSMC_D15,16b-d1
ProjectManager.HeapSize=0x200
Mcu.Pin15=PF10
NVIC.HardFault_IRQn=true\:0\:0\:false\:false\:true\:false\:false
Mcu.Pin16=PH0-OSC_IN
Mcu.Pin13=PF8
Mcu.Pin14=PF9
PF8.Locked=true
Mcu.Pin19=PC1
PF10.GPIOParameters=GPIO_PuPd
ProjectManager.ComputerToolchain=false
Mcu.Pin17=PH1-OSC_OUT
PF9.Signal=GPIO_Input
Mcu.Pin18=PC0
SH.FSMC_D1_DA1.ConfNb=2
NVIC.PriorityGroup=NVIC_PRIORITYGROUP_4
SH.FSMC_A5.0=FSMC_A5,19b-a1
Mcu.Pin11=PF6
Mcu.Pin12=PF7
Mcu.Pin10=PF5
PF6.GPIO_PuPd=GPIO_PULLDOWN
PE3.Signal=FSMC_A19
PE2.Locked=true
PA0-WKUP.GPIO_PuPd=GPIO_PULLDOWN
SH.FSMC_NBL0.ConfNb=1
PA8.Mode=Clock-out-1
PF4.Signal=FSMC_A4
I2S3.Instance=SPI$Index
PD2.Signal=SDIO_CMD
PB12.GPIO_PuPd=GPIO_PULLUP
PB0.Signal=GPIO_Output
PC0.Locked=true
PC1.Signal=ETH_MDC
PB12.GPIOParameters=GPIO_Speed,GPIO_PuPd
PC1.Mode=RMII
SH.FSMC_A9.ConfNb=1
SH.FSMC_D10_DA10.ConfNb=2
Mcu.Family=STM32F4
ProjectManager.MainLocation=Src
FSMC.AddressSetupTime1=10
FSMC.AddressSetupTime3=3
SH.FSMC_NWAIT.0=FSMC_NWAIT,AsynchronousWait1
RCC.CortexFreq_Value=168000000
SH.FSMC_A12.0=FSMC_A12,19b-a1
ProjectManager.KeepUserCode=true
Mcu.UserName=STM32F407ZGTx
SH.FSMC_A6.0=FSMC_A6,19b-a1
PG2.Signal=FSMC_A12
PC10.Signal=SDIO_D2
VP_IWDG_VS_IWDG.Mode=IWDG_Activate
SH.FSMC_D0_DA0.1=FSMC_D0,16b-d3
ProjectManager.functionlistsort=1-MX_GPIO_Init-GPIO-false-HAL-true,2-SystemClock_Config-RCC-false-HAL-false,3-MX_ETH_Init-ETH-false-HAL-true,4-MX_USART3_UART_Init-USART3-false-HAL-true,5-MX_RTC_Init-RTC-false-HAL-true,6-MX_IWDG_Init-IWDG-false-HAL-true,7-MX_TIM14_Init-TIM14-false-HAL-true,8-MX_TIM13_Init-TIM13-false-HAL-true,9-MX_TIM11_Init-TIM11-false-HAL-true,10-MX_SDIO_SD_Init-SDIO-false-HAL-true,11-MX_SPI2_Init-SPI2-false-HAL-true,12-MX_USB_OTG_FS_PCD_Init-USB_OTG_FS-false-HAL-true,13-MX_FSMC_Init-FSMC-false-HAL-true,14-MX_I2C1_Init-I2C1-false-HAL-true,15-MX_I2S3_Init-I2S3-false-HAL-true
SH.FSMC_D0_DA0.0=FSMC_D0,16b-d1
PA11.Mode=Device_Only
PB11.Signal=USART3_RX
PB15.Signal=SPI2_MOSI
PG11.Signal=ETH_TX_EN
PE5.GPIOParameters=GPIO_PuPd
ProjectManager.StackSize=0x400
PB5.GPIOParameters=GPIO_PuPd
PD13.Signal=FSMC_A18
Mcu.IP4=IWDG
Mcu.IP5=NVIC
RCC.FCLKCortexFreq_Value=168000000
Mcu.IP2=I2C1
Mcu.IP3=I2S3
PB4.GPIOParameters=GPIO_PuPd
Mcu.IP0=ETH
Mcu.IP1=FSMC
PA12.Signal=USB_OTG_FS_DP
SH.FSMC_A11.0=FSMC_A11,19b-a1
PF9.Locked=true
Mcu.UserConstants=
PE5.GPIO_PuPd=GPIO_PULLUP
RCC.RCC_RTC_Clock_Source=RCC_RTCCLKSOURCE_LSE
SH.FSMC_A7.0=FSMC_A7,19b-a1
PF11.GPIO_PuPd=GPIO_PULLDOWN
Mcu.ThirdPartyNb=0
PB1.GPIO_PuPd=GPIO_PULLUP
RCC.HCLKFreq_Value=168000000
Mcu.IPNb=13
RCC.I2SClocksFreq_Value=96000000
ProjectManager.PreviousToolchain=
RCC.VcooutputI2S=96000000
PG8.GPIOParameters=GPIO_PuPd
PF12.Signal=FSMC_A6
Mcu.Pin6=PF1
Mcu.Pin7=PF2
Mcu.Pin8=PF3
Mcu.Pin9=PF4
SH.FSMC_A10.0=FSMC_A10,19b-a1
RCC.AHBFreq_Value=168000000
PH0-OSC_IN.Mode=HSE-External-Oscillator
Mcu.Pin0=PE2
Mcu.Pin1=PE3
GPIO.groupedBy=Expand Peripherals
Mcu.Pin2=PE5
Mcu.Pin3=PC14-OSC32_IN
SH.FSMC_D12_DA12.ConfNb=2
Mcu.Pin4=PC15-OSC32_OUT
PA0-WKUP.GPIOParameters=GPIO_PuPd
Mcu.Pin5=PF0
RCC.HSE_VALUE=25000000
NVIC.DebugMonitor_IRQn=true\:0\:0\:false\:false\:true\:false\:false
Mcu.IP10=SYS
PA15.Mode=Full_Duplex_Master
NVIC.SysTick_IRQn=true\:0\:0\:false\:false\:true\:false\:true
Mcu.IP12=USB_OTG_FS
SH.FSMC_D6_DA6.ConfNb=2
RCC.RCC_MCO1Source=RCC_MCO1SOURCE_HSE
Mcu.IP11=USART3
SH.FSMC_A16_CLE.ConfNb=1
SH.FSMC_NBL0.0=FSMC_NBL0,2ByteEnable1
SH.FSMC_A17_ALE.ConfNb=1
SH.FSMC_D14_DA14.1=FSMC_D14,16b-d3
PB3.GPIO_PuPd=GPIO_PULLUP
PB4.Mode=Full_Duplex_Master
PE13.Signal=FSMC_D10_DA10
SH.FSMC_D14_DA14.0=FSMC_D14,16b-d1
PC14-OSC32_IN.Mode=LSE-External-Oscillator
RCC.VCOInputFreq_Value=1000000
SH.FSMC_A14.0=FSMC_A14,19b-a1
PF8.GPIO_PuPd=GPIO_PULLDOWN
PA14.Mode=Serial_Wire
PF11.Signal=GPIO_Input
SH.FSMC_D6_DA6.0=FSMC_D6,16b-d1
PB5.Mode=Full_Duplex_Master
File.Version=6
SH.FSMC_D6_DA6.1=FSMC_D6,16b-d3
SH.FSMC_D9_DA9.ConfNb=2
SH.FSMC_A8.0=FSMC_A8,19b-a1
PB3.GPIOParameters=GPIO_PuPd
PB7.Signal=I2C1_SDA
PG13.Mode=RMII
PF11.GPIOParameters=GPIO_PuPd
PB0.Locked=true
ProjectManager.ProjectName=CubeMX_Config
SH.FSMC_D4_DA4.1=FSMC_D4,16b-d3
SH.FSMC_D4_DA4.0=FSMC_D4,16b-d1
PH1-OSC_OUT.Mode=HSE-External-Oscillator
SH.FSMC_A2.ConfNb=1
PG11.Locked=true
SH.FSMC_NBL1.0=FSMC_NBL1,2ByteEnable1
NVIC.OTG_FS_IRQn=true\:0\:0\:false\:false\:true\:true\:true
ProjectManager.ToolChainLocation=
RCC.LSI_VALUE=32000
SH.FSMC_D13_DA13.0=FSMC_D13,16b-d1
USB_OTG_FS.VirtualMode=Device_Only
SH.FSMC_D13_DA13.1=FSMC_D13,16b-d3
PA15.Signal=I2S3_WS
PF8.Signal=GPIO_Input
SH.FSMC_A13.0=FSMC_A13,19b-a1
SH.FSMC_A13.ConfNb=1
PF5.Signal=FSMC_A5
Mcu.Pin95=PE0
Mcu.Pin96=PE1
Mcu.Pin93=PB6
Mcu.Pin94=PB7
Mcu.Pin99=VP_SYS_VS_Systick
Mcu.Pin97=VP_IWDG_VS_IWDG
SH.FSMC_A9.0=FSMC_A9,19b-a1
Mcu.Pin98=VP_RTC_VS_RTC_Activate
Mcu.Pin91=PB4
SH.FSMC_D2_DA2.1=FSMC_D2,16b-d3
Mcu.Pin92=PB5
SH.FSMC_D2_DA2.0=FSMC_D2,16b-d1
SH.FSMC_NWE.ConfNb=2
SPI2.Direction=SPI_DIRECTION_2LINES
PF0.Signal=FSMC_A0
PC5.Signal=ETH_RXD1
Mcu.Pin90=PB3
PE7.Signal=FSMC_D4_DA4
PD6.Signal=FSMC_NWAIT
Mcu.Pin84=PD6
Mcu.Pin85=PD7
PB15.Locked=true
Mcu.Pin82=PD4
PB4.Signal=I2S3_ext_SD
Mcu.Pin83=PD5
PA3.Signal=GPIO_Input
Mcu.Pin88=PG13
Mcu.Pin89=PG14
Mcu.Pin86=PG11
Mcu.Pin87=PG12
VP_RTC_VS_RTC_Activate.Signal=RTC_VS_RTC_Activate
PC15-OSC32_OUT.Mode=LSE-External-Oscillator
SH.FSMC_NWAIT.ConfNb=1
SH.FSMC_D12_DA12.0=FSMC_D12,16b-d1
SH.FSMC_D12_DA12.1=FSMC_D12,16b-d3
PA7.Mode=RMII
FSMC.WriteOperation1=FSMC_WRITE_OPERATION_ENABLE
ProjectManager.NoMain=false
PG3.Signal=FSMC_A13
FSMC.ExtendedMode3=FSMC_EXTENDED_MODE_ENABLE
PG1.Signal=FSMC_A11
FSMC.ExtendedMode1=FSMC_EXTENDED_MODE_ENABLE
PC11.Signal=SDIO_D3
PC8.Signal=SDIO_D0
PC4.Signal=ETH_RXD0
PC10.Mode=SD_4_bits_Wide_bus
ProjectManager.DefaultFWLocation=true
PD9.Signal=FSMC_D14_DA14
PD5.Signal=FSMC_NWE
SH.FSMC_D11_DA11.ConfNb=2
PB12.Locked=true
ProjectManager.DeletePrevious=true
RCC.FamilyName=M
PA0-WKUP.Locked=true
USB_OTG_FS.low_power_enable=DISABLE
PA13.Signal=SYS_JTMS-SWDIO
SH.FSMC_D13_DA13.ConfNb=2
PA9.Mode=Activate_VBUS
PF6.Signal=GPIO_Input
ProjectManager.TargetToolchain=MDK-ARM V5
SH.FSMC_A18.ConfNb=1
PF6.Locked=true
USB_OTG_FS.lpm_enable=ENABLE
SPI2.IPParameters=VirtualType,Mode,Direction,CalculateBaudRate
PF2.Signal=FSMC_A2
PE2.GPIOParameters=GPIO_PuPd
PE11.Signal=FSMC_D8_DA8
PC15-OSC32_OUT.Signal=RCC_OSC32_OUT
PA1.Signal=ETH_REF_CLK
PB12.GPIO_Speed=GPIO_SPEED_FREQ_HIGH
PB1.Locked=true
RCC.VCOI2SOutputFreq_Value=192000000
PD2.Mode=SD_4_bits_Wide_bus
SH.FSMC_A7.ConfNb=1
PG14.Signal=ETH_TXD1
FSMC.ExtendedDataSetupTime1=5
board=custom
PG12.Mode=NorPsramChipSelect4_3
FSMC.ExtendedDataSetupTime3=3
SH.FSMC_D0_DA0.ConfNb=2
RCC.VCOOutputFreq_Value=336000000
PB15.Mode=Full_Duplex_Master
RCC.APB2Freq_Value=84000000
MxCube.Version=5.6.0
PF10.Signal=GPIO_Input
VP_SYS_VS_Systick.Mode=SysTick
PH1-OSC_OUT.Signal=RCC_OSC_OUT
PF15.Signal=FSMC_A9
USB_OTG_FS.Sof_enable=DISABLE
PE5.Locked=true
PF1.Signal=FSMC_A1
RCC.IPParameters=48MHZClocksFreq_Value,AHBFreq_Value,APB1CLKDivider,APB1Freq_Value,APB1TimFreq_Value,APB2CLKDivider,APB2Freq_Value,APB2TimFreq_Value,CortexFreq_Value,EthernetFreq_Value,FCLKCortexFreq_Value,FamilyName,HCLKFreq_Value,HSE_VALUE,HSI_VALUE,I2SClocksFreq_Value,LSI_VALUE,MCO1PinFreq_Value,MCO2PinFreq_Value,PLLCLKFreq_Value,PLLM,PLLN,PLLQ,PLLQCLKFreq_Value,RCC_MCO1Source,RCC_RTC_Clock_Source,RCC_RTC_Clock_SourceVirtual,RTCFreq_Value,RTCHSEDivFreq_Value,SYSCLKFreq_VALUE,SYSCLKSource,VCOI2SOutputFreq_Value,VCOInputFreq_Value,VCOOutputFreq_Value,VcooutputI2S
ProjectManager.AskForMigrate=true
Mcu.Name=STM32F407Z(E-G)Tx
PE0.Signal=FSMC_NBL0
FSMC.AccessMode1=FSMC_ACCESS_MODE_A
PE12.Signal=FSMC_D9_DA9
PA2.Signal=ETH_MDIO
PB2.Locked=true
Mcu.IP8=SDIO
Mcu.IP9=SPI2
PD14.Signal=FSMC_D0_DA0
Mcu.IP6=RCC
Mcu.IP7=RTC
ProjectManager.CoupleFile=false
RCC.48MHZClocksFreq_Value=48000000
PB3.Signal=I2S3_CK
RCC.SYSCLKFreq_VALUE=168000000
SH.FSMC_A6.ConfNb=1
PA12.Mode=Device_Only
KeepUserPlacement=false
USART3.VirtualMode=VM_ASYNC
PB7.Mode=I2C
VP_IWDG_VS_IWDG.Signal=IWDG_VS_IWDG
PA14.Signal=SYS_JTCK-SWCLK
SH.FSMC_D11_DA11.1=FSMC_D11,16b-d3
PF6.GPIOParameters=GPIO_PuPd
SH.FSMC_D11_DA11.0=FSMC_D11,16b-d1
PC6.GPIOParameters=GPIO_PuPd
SH.FSMC_NOE.1=FSMC_NOE,Lcd3
SH.FSMC_NOE.0=FSMC_NOE,Sram1
SH.FSMC_A12.ConfNb=1
SH.FSMC_D2_DA2.ConfNb=2
RCC.HSI_VALUE=16000000
RCC.PLLQ=7
I2S3.RealAudioFreq=96.774 KHz
RCC.PLLM=25
RCC.PLLN=336
PA15.GPIO_PuPd=GPIO_PULLUP
PA2.Mode=RMII
PC9.Signal=SDIO_D1
RCC.APB1Freq_Value=42000000
ProjectManager.DeviceId=STM32F407ZGTx
PB12.Signal=GPIO_Output
ProjectManager.LibraryCopy=0
PB1.GPIOParameters=GPIO_PuPd
PA7.Signal=ETH_CRS_DV
SH.FSMC_A1.ConfNb=1
